
Microsoft Visual Studio Solution File, Format Version 12.00
# Visual Studio Version 16
VisualStudioVersion = 16.0.29613.14
MinimumVisualStudioVersion = 10.0.40219.1
Project("{FAE04EC0-301F-11D3-BF4B-00C04F79EFBC}") = "EstudoMVC", "EstudoMVC\EstudoMVC.csproj", "{B6B3924E-4932-42FB-80C8-2522DDB3E98F}"
EndProject
Global
	GlobalSection(SolutionConfigurationPlatforms) = preSolution
		Debug|Any CPU = Debug|Any CPU
		Release|Any CPU = Release|Any CPU
	EndGlobalSection
	GlobalSection(ProjectConfigurationPlatforms) = postSolution
		{B6B3924E-4932-42FB-80C8-2522DDB3E98F}.Debug|Any CPU.ActiveCfg = Debug|Any CPU
		{B6B3924E-4932-42FB-80C8-2522DDB3E98F}.Debug|Any CPU.Build.0 = Debug|Any CPU
		{B6B3924E-4932-42FB-80C8-2522DDB3E98F}.Release|Any CPU.ActiveCfg = Release|Any CPU
		{B6B3924E-4932-42FB-80C8-2522DDB3E98F}.Release|Any CPU.Build.0 = Release|Any CPU
	EndGlobalSection
	GlobalSection(SolutionProperties) = preSolution
		HideSolutionNode = FALSE
	EndGlobalSection
	GlobalSection(ExtensibilityGlobals) = postSolution
		SolutionGuid = {0C6C30DB-D2E1-4D22-987A-DE747DBBCE54}
	EndGlobalSection
EndGlobal
