
Microsoft Visual Studio Solution File, Format Version 12.00
# Visual Studio Version 16
VisualStudioVersion = 16.0.29613.14
MinimumVisualStudioVersion = 10.0.40219.1
Project("{9A19103F-16F7-4668-BE54-9A1E7A4F7556}") = "EstudoMVC", "EstudoMVC\EstudoMVC.csproj", "{B6B3924E-4932-42FB-80C8-2522DDB3E98F}"
EndProject
Project("{9A19103F-16F7-4668-BE54-9A1E7A4F7556}") = "Estudo_API", "Estudo_API\Estudo_API.csproj", "{F6D8BBF2-3C34-4D1C-93C5-E876E469377A}"
EndProject
Project("{FAE04EC0-301F-11D3-BF4B-00C04F79EFBC}") = "EstudoTest", "EstudoTest\EstudoTest.csproj", "{F9EA6FE2-0413-4E7C-827D-5CCB375B0823}"
EndProject
Global
	GlobalSection(SolutionConfigurationPlatforms) = preSolution
		Debug|Any CPU = Debug|Any CPU
		Release|Any CPU = Release|Any CPU
	EndGlobalSection
	GlobalSection(ProjectConfigurationPlatforms) = postSolution
		{B6B3924E-4932-42FB-80C8-2522DDB3E98F}.Debug|Any CPU.ActiveCfg = Debug|Any CPU
		{B6B3924E-4932-42FB-80C8-2522DDB3E98F}.Debug|Any CPU.Build.0 = Debug|Any CPU
		{B6B3924E-4932-42FB-80C8-2522DDB3E98F}.Release|Any CPU.ActiveCfg = Release|Any CPU
		{B6B3924E-4932-42FB-80C8-2522DDB3E98F}.Release|Any CPU.Build.0 = Release|Any CPU
		{F6D8BBF2-3C34-4D1C-93C5-E876E469377A}.Debug|Any CPU.ActiveCfg = Debug|Any CPU
		{F6D8BBF2-3C34-4D1C-93C5-E876E469377A}.Debug|Any CPU.Build.0 = Debug|Any CPU
		{F6D8BBF2-3C34-4D1C-93C5-E876E469377A}.Release|Any CPU.ActiveCfg = Release|Any CPU
		{F6D8BBF2-3C34-4D1C-93C5-E876E469377A}.Release|Any CPU.Build.0 = Release|Any CPU
		{F9EA6FE2-0413-4E7C-827D-5CCB375B0823}.Debug|Any CPU.ActiveCfg = Debug|Any CPU
		{F9EA6FE2-0413-4E7C-827D-5CCB375B0823}.Debug|Any CPU.Build.0 = Debug|Any CPU
		{F9EA6FE2-0413-4E7C-827D-5CCB375B0823}.Release|Any CPU.ActiveCfg = Release|Any CPU
		{F9EA6FE2-0413-4E7C-827D-5CCB375B0823}.Release|Any CPU.Build.0 = Release|Any CPU
	EndGlobalSection
	GlobalSection(SolutionProperties) = preSolution
		HideSolutionNode = FALSE
	EndGlobalSection
	GlobalSection(ExtensibilityGlobals) = postSolution
		SolutionGuid = {0C6C30DB-D2E1-4D22-987A-DE747DBBCE54}
	EndGlobalSection
EndGlobal
